
Microsoft Visual Studio Solution File, Format Version 12.00
# Visual Studio Version 16
VisualStudioVersion = 16.0.28531.58
MinimumVisualStudioVersion = 10.0.40219.1
Project("{FAE04EC0-301F-11D3-BF4B-00C04F79EFBC}") = "GuitarSearch", "GuitarSearch\GuitarSearch.csproj", "{BC69D2C6-0B28-4CE2-A554-62C0BF531A76}"
EndProject
Global
	GlobalSection(SolutionConfigurationPlatforms) = preSolution
		Debug|Any CPU = Debug|Any CPU
		Release|Any CPU = Release|Any CPU
	EndGlobalSection
	GlobalSection(ProjectConfigurationPlatforms) = postSolution
		{BC69D2C6-0B28-4CE2-A554-62C0BF531A76}.Debug|Any CPU.ActiveCfg = Debug|Any CPU
		{BC69D2C6-0B28-4CE2-A554-62C0BF531A76}.Debug|Any CPU.Build.0 = Debug|Any CPU
		{BC69D2C6-0B28-4CE2-A554-62C0BF531A76}.Release|Any CPU.ActiveCfg = Release|Any CPU
		{BC69D2C6-0B28-4CE2-A554-62C0BF531A76}.Release|Any CPU.Build.0 = Release|Any CPU
	EndGlobalSection
	GlobalSection(SolutionProperties) = preSolution
		HideSolutionNode = FALSE
	EndGlobalSection
	GlobalSection(ExtensibilityGlobals) = postSolution
		SolutionGuid = {967E500F-70A7-433D-9416-BE6D7BC0F6EF}
	EndGlobalSection
EndGlobal
